
Microsoft Visual Studio Solution File, Format Version 12.00
# Visual Studio Version 16
VisualStudioVersion = 16.0.31402.337
MinimumVisualStudioVersion = 10.0.40219.1
Project("{9A19103F-16F7-4668-BE54-9A1E7A4F7556}") = "Pinakes.Index", "Pinakes.Index\Pinakes.Index.csproj", "{B1B42D95-AF8E-4AAF-8414-49707B686CDE}"
EndProject
Project("{9A19103F-16F7-4668-BE54-9A1E7A4F7556}") = "Pinakes.Index.Test", "Pinakes.Index.Test\Pinakes.Index.Test.csproj", "{266F532F-B9D3-4C3D-B3A1-3F07EBACF439}"
EndProject
Project("{2150E333-8FDC-42A3-9474-1A3956D46DE8}") = "Solution Items", "Solution Items", "{C9DC31AD-CC7A-41F3-8E4E-3FC6CB9E50D5}"
	ProjectSection(SolutionItems) = preProject
		README.md = README.md
	EndProjectSection
EndProject
Project("{9A19103F-16F7-4668-BE54-9A1E7A4F7556}") = "pinix", "pinix\pinix.csproj", "{EF7D754B-E8CB-49FD-864C-2D362E4928F3}"
EndProject
Project("{FAE04EC0-301F-11D3-BF4B-00C04F79EFBC}") = "Pinakes.Search", "Pinakes.Search\Pinakes.Search.csproj", "{5B2952BF-2FE6-481E-AFE5-18E4B542E0D3}"
EndProject
Global
	GlobalSection(SolutionConfigurationPlatforms) = preSolution
		Debug|Any CPU = Debug|Any CPU
		Release|Any CPU = Release|Any CPU
	EndGlobalSection
	GlobalSection(ProjectConfigurationPlatforms) = postSolution
		{B1B42D95-AF8E-4AAF-8414-49707B686CDE}.Debug|Any CPU.ActiveCfg = Debug|Any CPU
		{B1B42D95-AF8E-4AAF-8414-49707B686CDE}.Debug|Any CPU.Build.0 = Debug|Any CPU
		{B1B42D95-AF8E-4AAF-8414-49707B686CDE}.Release|Any CPU.ActiveCfg = Release|Any CPU
		{B1B42D95-AF8E-4AAF-8414-49707B686CDE}.Release|Any CPU.Build.0 = Release|Any CPU
		{266F532F-B9D3-4C3D-B3A1-3F07EBACF439}.Debug|Any CPU.ActiveCfg = Debug|Any CPU
		{266F532F-B9D3-4C3D-B3A1-3F07EBACF439}.Debug|Any CPU.Build.0 = Debug|Any CPU
		{266F532F-B9D3-4C3D-B3A1-3F07EBACF439}.Release|Any CPU.ActiveCfg = Release|Any CPU
		{266F532F-B9D3-4C3D-B3A1-3F07EBACF439}.Release|Any CPU.Build.0 = Release|Any CPU
		{EF7D754B-E8CB-49FD-864C-2D362E4928F3}.Debug|Any CPU.ActiveCfg = Debug|Any CPU
		{EF7D754B-E8CB-49FD-864C-2D362E4928F3}.Debug|Any CPU.Build.0 = Debug|Any CPU
		{EF7D754B-E8CB-49FD-864C-2D362E4928F3}.Release|Any CPU.ActiveCfg = Release|Any CPU
		{EF7D754B-E8CB-49FD-864C-2D362E4928F3}.Release|Any CPU.Build.0 = Release|Any CPU
		{5B2952BF-2FE6-481E-AFE5-18E4B542E0D3}.Debug|Any CPU.ActiveCfg = Debug|Any CPU
		{5B2952BF-2FE6-481E-AFE5-18E4B542E0D3}.Debug|Any CPU.Build.0 = Debug|Any CPU
		{5B2952BF-2FE6-481E-AFE5-18E4B542E0D3}.Release|Any CPU.ActiveCfg = Release|Any CPU
		{5B2952BF-2FE6-481E-AFE5-18E4B542E0D3}.Release|Any CPU.Build.0 = Release|Any CPU
	EndGlobalSection
	GlobalSection(SolutionProperties) = preSolution
		HideSolutionNode = FALSE
	EndGlobalSection
	GlobalSection(ExtensibilityGlobals) = postSolution
		SolutionGuid = {70A7EC79-5F21-4C57-B9AC-DC47E56F3EB6}
	EndGlobalSection
EndGlobal
